
Microsoft Visual Studio Solution File, Format Version 12.00
# Visual Studio Version 16
VisualStudioVersion = 16.0.29613.14
MinimumVisualStudioVersion = 10.0.40219.1
Project("{9A19103F-16F7-4668-BE54-9A1E7A4F7556}") = "ECommerce.Services", "ECommerce.Services\ECommerce.Services.csproj", "{6542D757-F3B5-49B6-AD8E-1B70003F20CC}"
EndProject
Project("{9A19103F-16F7-4668-BE54-9A1E7A4F7556}") = "ECommerce.Model", "ECommerce.Model\ECommerce.Model.csproj", "{6DF3981B-F4E5-42E0-9A0C-AC5F812C6BF4}"
EndProject
Project("{9A19103F-16F7-4668-BE54-9A1E7A4F7556}") = "ECommerce.Common", "ECommerce.Common\ECommerce.Common.csproj", "{15957A2D-8658-4033-B856-8C418A08C5BC}"
EndProject
Project("{9A19103F-16F7-4668-BE54-9A1E7A4F7556}") = "ECommerce", "ECommerce\ECommerce.csproj", "{17042340-09FF-4F4B-8446-9D03FB41C67E}"
EndProject
Global
	GlobalSection(SolutionConfigurationPlatforms) = preSolution
		Debug|Any CPU = Debug|Any CPU
		Release|Any CPU = Release|Any CPU
	EndGlobalSection
	GlobalSection(ProjectConfigurationPlatforms) = postSolution
		{6542D757-F3B5-49B6-AD8E-1B70003F20CC}.Debug|Any CPU.ActiveCfg = Debug|Any CPU
		{6542D757-F3B5-49B6-AD8E-1B70003F20CC}.Debug|Any CPU.Build.0 = Debug|Any CPU
		{6542D757-F3B5-49B6-AD8E-1B70003F20CC}.Release|Any CPU.ActiveCfg = Release|Any CPU
		{6542D757-F3B5-49B6-AD8E-1B70003F20CC}.Release|Any CPU.Build.0 = Release|Any CPU
		{6DF3981B-F4E5-42E0-9A0C-AC5F812C6BF4}.Debug|Any CPU.ActiveCfg = Debug|Any CPU
		{6DF3981B-F4E5-42E0-9A0C-AC5F812C6BF4}.Debug|Any CPU.Build.0 = Debug|Any CPU
		{6DF3981B-F4E5-42E0-9A0C-AC5F812C6BF4}.Release|Any CPU.ActiveCfg = Release|Any CPU
		{6DF3981B-F4E5-42E0-9A0C-AC5F812C6BF4}.Release|Any CPU.Build.0 = Release|Any CPU
		{15957A2D-8658-4033-B856-8C418A08C5BC}.Debug|Any CPU.ActiveCfg = Debug|Any CPU
		{15957A2D-8658-4033-B856-8C418A08C5BC}.Debug|Any CPU.Build.0 = Debug|Any CPU
		{15957A2D-8658-4033-B856-8C418A08C5BC}.Release|Any CPU.ActiveCfg = Release|Any CPU
		{15957A2D-8658-4033-B856-8C418A08C5BC}.Release|Any CPU.Build.0 = Release|Any CPU
		{17042340-09FF-4F4B-8446-9D03FB41C67E}.Debug|Any CPU.ActiveCfg = Debug|Any CPU
		{17042340-09FF-4F4B-8446-9D03FB41C67E}.Debug|Any CPU.Build.0 = Debug|Any CPU
		{17042340-09FF-4F4B-8446-9D03FB41C67E}.Release|Any CPU.ActiveCfg = Release|Any CPU
		{17042340-09FF-4F4B-8446-9D03FB41C67E}.Release|Any CPU.Build.0 = Release|Any CPU
	EndGlobalSection
	GlobalSection(SolutionProperties) = preSolution
		HideSolutionNode = FALSE
	EndGlobalSection
	GlobalSection(ExtensibilityGlobals) = postSolution
		SolutionGuid = {63F5E7D4-2BFF-4320-9CA0-AFC09887C020}
	EndGlobalSection
EndGlobal
